
Microsoft Visual Studio Solution File, Format Version 12.00
# Visual Studio Version 16
VisualStudioVersion = 16.0.32510.428
MinimumVisualStudioVersion = 10.0.40219.1
Project("{FAE04EC0-301F-11D3-BF4B-00C04F79EFBC}") = "WpfApp1", "WpfApp1.csproj", "{89832ED6-A542-4A37-8436-772E4F91E560}"
EndProject
Global
	GlobalSection(SolutionConfigurationPlatforms) = preSolution
		Debug|Any CPU = Debug|Any CPU
		Release|Any CPU = Release|Any CPU
	EndGlobalSection
	GlobalSection(ProjectConfigurationPlatforms) = postSolution
		{89832ED6-A542-4A37-8436-772E4F91E560}.Debug|Any CPU.ActiveCfg = Debug|Any CPU
		{89832ED6-A542-4A37-8436-772E4F91E560}.Debug|Any CPU.Build.0 = Debug|Any CPU
		{89832ED6-A542-4A37-8436-772E4F91E560}.Release|Any CPU.ActiveCfg = Release|Any CPU
		{89832ED6-A542-4A37-8436-772E4F91E560}.Release|Any CPU.Build.0 = Release|Any CPU
	EndGlobalSection
	GlobalSection(SolutionProperties) = preSolution
		HideSolutionNode = FALSE
	EndGlobalSection
	GlobalSection(ExtensibilityGlobals) = postSolution
		SolutionGuid = {9446BC4B-6324-487F-9725-AE37657E2A46}
	EndGlobalSection
EndGlobal
