
Microsoft Visual Studio Solution File, Format Version 12.00
# Visual Studio Version 16
VisualStudioVersion = 16.0.32802.440
MinimumVisualStudioVersion = 10.0.40219.1
Project("{FAE04EC0-301F-11D3-BF4B-00C04F79EFBC}") = "MyReflection", "MyReflection.csproj", "{98F4CFC0-FDB5-4B38-B99C-70DDBE8228A8}"
EndProject
Global
	GlobalSection(SolutionConfigurationPlatforms) = preSolution
		Debug|Any CPU = Debug|Any CPU
		Release|Any CPU = Release|Any CPU
	EndGlobalSection
	GlobalSection(ProjectConfigurationPlatforms) = postSolution
		{98F4CFC0-FDB5-4B38-B99C-70DDBE8228A8}.Debug|Any CPU.ActiveCfg = Debug|Any CPU
		{98F4CFC0-FDB5-4B38-B99C-70DDBE8228A8}.Debug|Any CPU.Build.0 = Debug|Any CPU
		{98F4CFC0-FDB5-4B38-B99C-70DDBE8228A8}.Release|Any CPU.ActiveCfg = Release|Any CPU
		{98F4CFC0-FDB5-4B38-B99C-70DDBE8228A8}.Release|Any CPU.Build.0 = Release|Any CPU
	EndGlobalSection
	GlobalSection(SolutionProperties) = preSolution
		HideSolutionNode = FALSE
	EndGlobalSection
	GlobalSection(ExtensibilityGlobals) = postSolution
		SolutionGuid = {410138A0-A85F-4E99-9605-736B52EE843A}
	EndGlobalSection
EndGlobal
